
Microsoft Visual Studio Solution File, Format Version 12.00
Project("{FAE04EC0-301F-11D3-BF4B-00C04F79EFBC}") = "MultiPlanerAPI", "MultiPlanerAPI\MultiPlanerAPI.csproj", "{47B95364-ADED-4B9C-8FB5-1A344C8F9C42}"
EndProject
Project("{FAE04EC0-301F-11D3-BF4B-00C04F79EFBC}") = "MultiPlanerApp", "MultiPlanerApp\MultiPlanerApp.csproj", "{EDD9710B-39D0-4700-B6DD-3B863E2F0118}"
EndProject
Global
	GlobalSection(SolutionConfigurationPlatforms) = preSolution
		Debug|Any CPU = Debug|Any CPU
		Release|Any CPU = Release|Any CPU
	EndGlobalSection
	GlobalSection(ProjectConfigurationPlatforms) = postSolution
		{47B95364-ADED-4B9C-8FB5-1A344C8F9C42}.Debug|Any CPU.ActiveCfg = Debug|Any CPU
		{47B95364-ADED-4B9C-8FB5-1A344C8F9C42}.Debug|Any CPU.Build.0 = Debug|Any CPU
		{47B95364-ADED-4B9C-8FB5-1A344C8F9C42}.Release|Any CPU.ActiveCfg = Release|Any CPU
		{47B95364-ADED-4B9C-8FB5-1A344C8F9C42}.Release|Any CPU.Build.0 = Release|Any CPU
		{EDD9710B-39D0-4700-B6DD-3B863E2F0118}.Debug|Any CPU.ActiveCfg = Debug|Any CPU
		{EDD9710B-39D0-4700-B6DD-3B863E2F0118}.Debug|Any CPU.Build.0 = Debug|Any CPU
		{EDD9710B-39D0-4700-B6DD-3B863E2F0118}.Release|Any CPU.ActiveCfg = Release|Any CPU
		{EDD9710B-39D0-4700-B6DD-3B863E2F0118}.Release|Any CPU.Build.0 = Release|Any CPU
	EndGlobalSection
EndGlobal
